
Microsoft Visual Studio Solution File, Format Version 12.00
# Visual Studio 2012
Project("{FAE04EC0-301F-11D3-BF4B-00C04F79EFBC}") = "GoRogueMG", "GoRogueMG\GoRogueMG.csproj", "{ABF39F2E-6527-4425-98E0-50ABA948D688}"
EndProject
Global
	GlobalSection(SolutionConfigurationPlatforms) = preSolution
		Debug|Any CPU = Debug|Any CPU
		Release|Any CPU = Release|Any CPU
	EndGlobalSection
	GlobalSection(ProjectConfigurationPlatforms) = postSolution
		{ABF39F2E-6527-4425-98E0-50ABA948D688}.Debug|Any CPU.ActiveCfg = Debug|Any CPU
		{ABF39F2E-6527-4425-98E0-50ABA948D688}.Debug|Any CPU.Build.0 = Debug|Any CPU
		{ABF39F2E-6527-4425-98E0-50ABA948D688}.Release|Any CPU.ActiveCfg = Release|Any CPU
		{ABF39F2E-6527-4425-98E0-50ABA948D688}.Release|Any CPU.Build.0 = Release|Any CPU
	EndGlobalSection
EndGlobal
